// !$*UTF8*$!
{
	archiveVersion = 1;
	classes = {
	};
	objectVersion = 48;
	objects = {

/* Begin PBXBuildFile section */
		49ADFE9683847794CAA01CB2 /* Pods_Example_objc.framework in Frameworks */ = {isa = PBXBuildFile; fileRef = D14165926E30507D48646F14 /* Pods_Example_objc.framework */; };
		6D4C9E4251A56D72B7D0B5FC /* Pods_Example_swift.framework in Frameworks */ = {isa = PBXBuildFile; fileRef = FD5375D98CC087160CFB160E /* Pods_Example_swift.framework */; };
		9CCF00041FD59559007F965D /* AppDelegate.m in Sources */ = {isa = PBXBuildFile; fileRef = 9CCFFFFA1FD59559007F965D /* AppDelegate.m */; };
		9CCF00051FD59559007F965D /* Assets.xcassets in Resources */ = {isa = PBXBuildFile; fileRef = 9CCFFFFB1FD59559007F965D /* Assets.xcassets */; };
		9CCF00061FD59559007F965D /* LaunchScreen.storyboard in Resources */ = {isa = PBXBuildFile; fileRef = 9CCFFFFC1FD59559007F965D /* LaunchScreen.storyboard */; };
		9CCF00071FD59559007F965D /* Main.storyboard in Resources */ = {isa = PBXBuildFile; fileRef = 9CCFFFFE1FD59559007F965D /* Main.storyboard */; };
		9CCF00081FD59559007F965D /* Info.plist in Resources */ = {isa = PBXBuildFile; fileRef = 9CCF00001FD59559007F965D /* Info.plist */; };
		9CCF00091FD59559007F965D /* main.m in Sources */ = {isa = PBXBuildFile; fileRef = 9CCF00011FD59559007F965D /* main.m */; };
		9CCF000A1FD59559007F965D /* ViewController.m in Sources */ = {isa = PBXBuildFile; fileRef = 9CCF00031FD59559007F965D /* ViewController.m */; };
		9CCF00141FD5956C007F965D /* AppDelegate.swift in Sources */ = {isa = PBXBuildFile; fileRef = 9CCF000C1FD5956C007F965D /* AppDelegate.swift */; };
		9CCF00151FD5956C007F965D /* Assets.xcassets in Resources */ = {isa = PBXBuildFile; fileRef = 9CCF000D1FD5956C007F965D /* Assets.xcassets */; };
		9CCF00161FD5956C007F965D /* LaunchScreen.storyboard in Resources */ = {isa = PBXBuildFile; fileRef = 9CCF000E1FD5956C007F965D /* LaunchScreen.storyboard */; };
		9CCF00171FD5956C007F965D /* Main.storyboard in Resources */ = {isa = PBXBuildFile; fileRef = 9CCF00101FD5956C007F965D /* Main.storyboard */; };
		9CCF00181FD5956C007F965D /* Info.plist in Resources */ = {isa = PBXBuildFile; fileRef = 9CCF00121FD5956C007F965D /* Info.plist */; };
		9CCF00191FD5956C007F965D /* ViewController.swift in Sources */ = {isa = PBXBuildFile; fileRef = 9CCF00131FD5956C007F965D /* ViewController.swift */; };
		9CCF00381FD598B0007F965D /* l18n.framework in Frameworks */ = {isa = PBXBuildFile; fileRef = 9CCF00311FD598B0007F965D /* l18n.framework */; };
		9CCF00391FD598B0007F965D /* l18n.framework in Embed Frameworks */ = {isa = PBXBuildFile; fileRef = 9CCF00311FD598B0007F965D /* l18n.framework */; settings = {ATTRIBUTES = (CodeSignOnCopy, RemoveHeadersOnCopy, ); }; };
		9CCF003D1FD598BD007F965D /* l18n.framework in Frameworks */ = {isa = PBXBuildFile; fileRef = 9CCF00311FD598B0007F965D /* l18n.framework */; };
		9CCF00411FD598E4007F965D /* l18n.h in Headers */ = {isa = PBXBuildFile; fileRef = 9CCF00401FD598E4007F965D /* l18n.h */; };
		9CCF00441FD59903007F965D /* ru.mo in Resources */ = {isa = PBXBuildFile; fileRef = 9CCF00421FD59903007F965D /* ru.mo */; };
		9CCF00451FD59903007F965D /* ru.po in Resources */ = {isa = PBXBuildFile; fileRef = 9CCF00431FD59903007F965D /* ru.po */; };
/* End PBXBuildFile section */

/* Begin PBXContainerItemProxy section */
		9CCF00361FD598B0007F965D /* PBXContainerItemProxy */ = {
			isa = PBXContainerItemProxy;
			containerPortal = 9CCFFFAE1FD5944B007F965D /* Project object */;
			proxyType = 1;
			remoteGlobalIDString = 9CCF00301FD598B0007F965D;
			remoteInfo = l18n;
		};
		9CCF003E1FD598CD007F965D /* PBXContainerItemProxy */ = {
			isa = PBXContainerItemProxy;
			containerPortal = 9CCFFFAE1FD5944B007F965D /* Project object */;
			proxyType = 1;
			remoteGlobalIDString = 9CCF00301FD598B0007F965D;
			remoteInfo = l18n;
		};
/* End PBXContainerItemProxy section */

/* Begin PBXCopyFilesBuildPhase section */
		9CCF002B1FD5981E007F965D /* Embed Frameworks */ = {
			isa = PBXCopyFilesBuildPhase;
			buildActionMask = 2147483647;
			dstPath = "";
			dstSubfolderSpec = 10;
			files = (
				9CCF00391FD598B0007F965D /* l18n.framework in Embed Frameworks */,
			);
			name = "Embed Frameworks";
			runOnlyForDeploymentPostprocessing = 0;
		};
/* End PBXCopyFilesBuildPhase section */

/* Begin PBXFileReference section */
		1D4BA55CAF9DA05703787D64 /* Pods-Example-swift.release.xcconfig */ = {isa = PBXFileReference; includeInIndex = 1; lastKnownFileType = text.xcconfig; name = "Pods-Example-swift.release.xcconfig"; path = "Pods/Target Support Files/Pods-Example-swift/Pods-Example-swift.release.xcconfig"; sourceTree = "<group>"; };
		97EC68F1F019E98FCF0D51E6 /* Pods-Example-swift.debug.xcconfig */ = {isa = PBXFileReference; includeInIndex = 1; lastKnownFileType = text.xcconfig; name = "Pods-Example-swift.debug.xcconfig"; path = "Pods/Target Support Files/Pods-Example-swift/Pods-Example-swift.debug.xcconfig"; sourceTree = "<group>"; };
		9CCF00001FD59559007F965D /* Info.plist */ = {isa = PBXFileReference; fileEncoding = 4; lastKnownFileType = text.plist.xml; path = Info.plist; sourceTree = "<group>"; };
		9CCF00011FD59559007F965D /* main.m */ = {isa = PBXFileReference; fileEncoding = 4; lastKnownFileType = sourcecode.c.objc; path = main.m; sourceTree = "<group>"; };
		9CCF00021FD59559007F965D /* ViewController.h */ = {isa = PBXFileReference; fileEncoding = 4; lastKnownFileType = sourcecode.c.h; path = ViewController.h; sourceTree = "<group>"; };
		9CCF00031FD59559007F965D /* ViewController.m */ = {isa = PBXFileReference; fileEncoding = 4; lastKnownFileType = sourcecode.c.objc; path = ViewController.m; sourceTree = "<group>"; };
		9CCF000C1FD5956C007F965D /* AppDelegate.swift */ = {isa = PBXFileReference; fileEncoding = 4; lastKnownFileType = sourcecode.swift; path = AppDelegate.swift; sourceTree = "<group>"; };
		9CCF000D1FD5956C007F965D /* Assets.xcassets */ = {isa = PBXFileReference; lastKnownFileType = folder.assetcatalog; path = Assets.xcassets; sourceTree = "<group>"; };
		9CCF000F1FD5956C007F965D /* Base */ = {isa = PBXFileReference; lastKnownFileType = file.storyboard; name = Base; path = Base.lproj/LaunchScreen.storyboard; sourceTree = "<group>"; };
		9CCF00111FD5956C007F965D /* Base */ = {isa = PBXFileReference; lastKnownFileType = file.storyboard; name = Base; path = Base.lproj/Main.storyboard; sourceTree = "<group>"; };
		9CCF00121FD5956C007F965D /* Info.plist */ = {isa = PBXFileReference; fileEncoding = 4; lastKnownFileType = text.plist.xml; path = Info.plist; sourceTree = "<group>"; };
		9CCF00131FD5956C007F965D /* ViewController.swift */ = {isa = PBXFileReference; fileEncoding = 4; lastKnownFileType = sourcecode.swift; path = ViewController.swift; sourceTree = "<group>"; };
		9CCF00311FD598B0007F965D /* l18n.framework */ = {isa = PBXFileReference; explicitFileType = wrapper.framework; includeInIndex = 0; path = l18n.framework; sourceTree = BUILT_PRODUCTS_DIR; };
		9CCF00341FD598B0007F965D /* Info.plist */ = {isa = PBXFileReference; lastKnownFileType = text.plist.xml; path = Info.plist; sourceTree = "<group>"; };
		9CCF00401FD598E4007F965D /* l18n.h */ = {isa = PBXFileReference; fileEncoding = 4; lastKnownFileType = sourcecode.c.h; path = l18n.h; sourceTree = "<group>"; };
		9CCF00421FD59903007F965D /* ru.mo */ = {isa = PBXFileReference; lastKnownFileType = file; path = ru.mo; sourceTree = "<group>"; };
		9CCF00431FD59903007F965D /* ru.po */ = {isa = PBXFileReference; fileEncoding = 4; lastKnownFileType = text; path = ru.po; sourceTree = "<group>"; };
		9CCFFFDC1FD5945A007F965D /* POLocalizedString ObjC.app */ = {isa = PBXFileReference; explicitFileType = wrapper.application; includeInIndex = 0; path = "POLocalizedString ObjC.app"; sourceTree = BUILT_PRODUCTS_DIR; };
		9CCFFFE21FD594CB007F965D /* POLocalizedString Swift.app */ = {isa = PBXFileReference; explicitFileType = wrapper.application; includeInIndex = 0; path = "POLocalizedString Swift.app"; sourceTree = BUILT_PRODUCTS_DIR; };
		9CCFFFF91FD59559007F965D /* AppDelegate.h */ = {isa = PBXFileReference; fileEncoding = 4; lastKnownFileType = sourcecode.c.h; path = AppDelegate.h; sourceTree = "<group>"; };
		9CCFFFFA1FD59559007F965D /* AppDelegate.m */ = {isa = PBXFileReference; fileEncoding = 4; lastKnownFileType = sourcecode.c.objc; path = AppDelegate.m; sourceTree = "<group>"; };
		9CCFFFFB1FD59559007F965D /* Assets.xcassets */ = {isa = PBXFileReference; lastKnownFileType = folder.assetcatalog; path = Assets.xcassets; sourceTree = "<group>"; };
		9CCFFFFD1FD59559007F965D /* Base */ = {isa = PBXFileReference; lastKnownFileType = file.storyboard; name = Base; path = Base.lproj/LaunchScreen.storyboard; sourceTree = "<group>"; };
		9CCFFFFF1FD59559007F965D /* Base */ = {isa = PBXFileReference; lastKnownFileType = file.storyboard; name = Base; path = Base.lproj/Main.storyboard; sourceTree = "<group>"; };
		A848DD7A01B2F7A7FC0E0EAC /* Pods-Example-objc.release.xcconfig */ = {isa = PBXFileReference; includeInIndex = 1; lastKnownFileType = text.xcconfig; name = "Pods-Example-objc.release.xcconfig"; path = "Pods/Target Support Files/Pods-Example-objc/Pods-Example-objc.release.xcconfig"; sourceTree = "<group>"; };
		C579A6E7ABCD684946F29E34 /* Pods-Example-objc.debug.xcconfig */ = {isa = PBXFileReference; includeInIndex = 1; lastKnownFileType = text.xcconfig; name = "Pods-Example-objc.debug.xcconfig"; path = "Pods/Target Support Files/Pods-Example-objc/Pods-Example-objc.debug.xcconfig"; sourceTree = "<group>"; };
		D14165926E30507D48646F14 /* Pods_Example_objc.framework */ = {isa = PBXFileReference; explicitFileType = wrapper.framework; includeInIndex = 0; path = Pods_Example_objc.framework; sourceTree = BUILT_PRODUCTS_DIR; };
		FD5375D98CC087160CFB160E /* Pods_Example_swift.framework */ = {isa = PBXFileReference; explicitFileType = wrapper.framework; includeInIndex = 0; path = Pods_Example_swift.framework; sourceTree = BUILT_PRODUCTS_DIR; };
/* End PBXFileReference section */

/* Begin PBXFrameworksBuildPhase section */
		9CCF002D1FD598B0007F965D /* Frameworks */ = {
			isa = PBXFrameworksBuildPhase;
			buildActionMask = 2147483647;
			files = (
			);
			runOnlyForDeploymentPostprocessing = 0;
		};
		9CCFFFD41FD5945A007F965D /* Frameworks */ = {
			isa = PBXFrameworksBuildPhase;
			buildActionMask = 2147483647;
			files = (
				49ADFE9683847794CAA01CB2 /* Pods_Example_objc.framework in Frameworks */,
				9CCF00381FD598B0007F965D /* l18n.framework in Frameworks */,
			);
			runOnlyForDeploymentPostprocessing = 0;
		};
		9CCFFFDF1FD594CB007F965D /* Frameworks */ = {
			isa = PBXFrameworksBuildPhase;
			buildActionMask = 2147483647;
			files = (
				9CCF003D1FD598BD007F965D /* l18n.framework in Frameworks */,
				6D4C9E4251A56D72B7D0B5FC /* Pods_Example_swift.framework in Frameworks */,
			);
			runOnlyForDeploymentPostprocessing = 0;
		};
/* End PBXFrameworksBuildPhase section */

/* Begin PBXGroup section */
		8482890E05C3F1529997CE55 /* Frameworks */ = {
			isa = PBXGroup;
			children = (
				D14165926E30507D48646F14 /* Pods_Example_objc.framework */,
				FD5375D98CC087160CFB160E /* Pods_Example_swift.framework */,
			);
			name = Frameworks;
			sourceTree = "<group>";
		};
		881F2D97E62C9C64935E94C0 /* Pods */ = {
			isa = PBXGroup;
			children = (
				C579A6E7ABCD684946F29E34 /* Pods-Example-objc.debug.xcconfig */,
				A848DD7A01B2F7A7FC0E0EAC /* Pods-Example-objc.release.xcconfig */,
				97EC68F1F019E98FCF0D51E6 /* Pods-Example-swift.debug.xcconfig */,
				1D4BA55CAF9DA05703787D64 /* Pods-Example-swift.release.xcconfig */,
			);
			name = Pods;
			sourceTree = "<group>";
		};
		9CCF000B1FD5956C007F965D /* Example-swift */ = {
			isa = PBXGroup;
			children = (
				9CCF000C1FD5956C007F965D /* AppDelegate.swift */,
				9CCF000D1FD5956C007F965D /* Assets.xcassets */,
				9CCF000E1FD5956C007F965D /* LaunchScreen.storyboard */,
				9CCF00101FD5956C007F965D /* Main.storyboard */,
				9CCF00121FD5956C007F965D /* Info.plist */,
				9CCF00131FD5956C007F965D /* ViewController.swift */,
			);
			path = "Example-swift";
			sourceTree = "<group>";
		};
		9CCF00321FD598B0007F965D /* l18n */ = {
			isa = PBXGroup;
			children = (
				9CCF00401FD598E4007F965D /* l18n.h */,
				9CCF00421FD59903007F965D /* ru.mo */,
				9CCF00431FD59903007F965D /* ru.po */,
				9CCF00341FD598B0007F965D /* Info.plist */,
			);
			path = l18n;
			sourceTree = "<group>";
		};
		9CCFFFAD1FD5944B007F965D = {
			isa = PBXGroup;
			children = (
				9CCFFFF81FD59559007F965D /* Examples-objc */,
				9CCF000B1FD5956C007F965D /* Example-swift */,
				9CCF00321FD598B0007F965D /* l18n */,
				9CCFFFB71FD5944B007F965D /* Products */,
				881F2D97E62C9C64935E94C0 /* Pods */,
				8482890E05C3F1529997CE55 /* Frameworks */,
			);
			sourceTree = "<group>";
		};
		9CCFFFB71FD5944B007F965D /* Products */ = {
			isa = PBXGroup;
			children = (
				9CCFFFDC1FD5945A007F965D /* POLocalizedString ObjC.app */,
				9CCFFFE21FD594CB007F965D /* POLocalizedString Swift.app */,
				9CCF00311FD598B0007F965D /* l18n.framework */,
			);
			name = Products;
			sourceTree = "<group>";
		};
		9CCFFFF81FD59559007F965D /* Examples-objc */ = {
			isa = PBXGroup;
			children = (
				9CCFFFF91FD59559007F965D /* AppDelegate.h */,
				9CCFFFFA1FD59559007F965D /* AppDelegate.m */,
				9CCFFFFB1FD59559007F965D /* Assets.xcassets */,
				9CCFFFFC1FD59559007F965D /* LaunchScreen.storyboard */,
				9CCFFFFE1FD59559007F965D /* Main.storyboard */,
				9CCF00001FD59559007F965D /* Info.plist */,
				9CCF00011FD59559007F965D /* main.m */,
				9CCF00021FD59559007F965D /* ViewController.h */,
				9CCF00031FD59559007F965D /* ViewController.m */,
			);
			path = "Examples-objc";
			sourceTree = "<group>";
		};
/* End PBXGroup section */

/* Begin PBXHeadersBuildPhase section */
		9CCF002E1FD598B0007F965D /* Headers */ = {
			isa = PBXHeadersBuildPhase;
			buildActionMask = 2147483647;
			files = (
				9CCF00411FD598E4007F965D /* l18n.h in Headers */,
			);
			runOnlyForDeploymentPostprocessing = 0;
		};
/* End PBXHeadersBuildPhase section */

/* Begin PBXNativeTarget section */
		9CCF00301FD598B0007F965D /* l18n */ = {
			isa = PBXNativeTarget;
			buildConfigurationList = 9CCF003A1FD598B0007F965D /* Build configuration list for PBXNativeTarget "l18n" */;
			buildPhases = (
				9CCF002C1FD598B0007F965D /* Sources */,
				9CCF002D1FD598B0007F965D /* Frameworks */,
				9CCF002E1FD598B0007F965D /* Headers */,
				9CCF002F1FD598B0007F965D /* Resources */,
			);
			buildRules = (
			);
			dependencies = (
			);
			name = l18n;
			productName = l18n;
			productReference = 9CCF00311FD598B0007F965D /* l18n.framework */;
			productType = "com.apple.product-type.framework";
		};
		9CCFFFCF1FD5945A007F965D /* Example-objc */ = {
			isa = PBXNativeTarget;
			buildConfigurationList = 9CCFFFD91FD5945A007F965D /* Build configuration list for PBXNativeTarget "Example-objc" */;
			buildPhases = (
				4BEDDEC50967EAA02E6CB0D2 /* [CP] Check Pods Manifest.lock */,
				9CCFFFD01FD5945A007F965D /* Sources */,
				9CCFFFD41FD5945A007F965D /* Frameworks */,
				9CCFFFD51FD5945A007F965D /* Resources */,
				7B0D1F2269C01405FE58843D /* [CP] Embed Pods Frameworks */,
				C1E780629D8AD76E48C9C830 /* [CP] Copy Pods Resources */,
				9CCF002B1FD5981E007F965D /* Embed Frameworks */,
			);
			buildRules = (
			);
			dependencies = (
				9CCF00371FD598B0007F965D /* PBXTargetDependency */,
			);
			name = "Example-objc";
			productName = Examples;
			productReference = 9CCFFFDC1FD5945A007F965D /* POLocalizedString ObjC.app */;
			productType = "com.apple.product-type.application";
		};
		9CCFFFE11FD594CB007F965D /* Example-swift */ = {
			isa = PBXNativeTarget;
			buildConfigurationList = 9CCFFFF51FD594CB007F965D /* Build configuration list for PBXNativeTarget "Example-swift" */;
			buildPhases = (
				0C8AECFEA6D200E90D6BCB7E /* [CP] Check Pods Manifest.lock */,
				9CCFFFDE1FD594CB007F965D /* Sources */,
				9CCFFFDF1FD594CB007F965D /* Frameworks */,
				9CCFFFE01FD594CB007F965D /* Resources */,
				C7DE0EF3084E2B111FE2E1A1 /* [CP] Embed Pods Frameworks */,
				0A75ACB2263223AAA052F96D /* [CP] Copy Pods Resources */,
			);
			buildRules = (
			);
			dependencies = (
				9CCF003F1FD598CD007F965D /* PBXTargetDependency */,
			);
			name = "Example-swift";
			productName = "Example-swift";
			productReference = 9CCFFFE21FD594CB007F965D /* POLocalizedString Swift.app */;
			productType = "com.apple.product-type.application";
		};
/* End PBXNativeTarget section */

/* Begin PBXProject section */
		9CCFFFAE1FD5944B007F965D /* Project object */ = {
			isa = PBXProject;
			attributes = {
				LastUpgradeCheck = 0910;
				ORGANIZATIONNAME = Hulab;
				TargetAttributes = {
					9CCF00301FD598B0007F965D = {
						CreatedOnToolsVersion = 9.1;
						ProvisioningStyle = Automatic;
					};
					9CCFFFCF1FD5945A007F965D = {
						ProvisioningStyle = Automatic;
					};
					9CCFFFE11FD594CB007F965D = {
						CreatedOnToolsVersion = 9.1;
						ProvisioningStyle = Automatic;
					};
				};
			};
			buildConfigurationList = 9CCFFFB11FD5944B007F965D /* Build configuration list for PBXProject "Examples" */;
			compatibilityVersion = "Xcode 8.0";
			developmentRegion = en;
			hasScannedForEncodings = 0;
			knownRegions = (
				en,
				Base,
			);
			mainGroup = 9CCFFFAD1FD5944B007F965D;
			productRefGroup = 9CCFFFB71FD5944B007F965D /* Products */;
			projectDirPath = "";
			projectRoot = "";
			targets = (
				9CCFFFCF1FD5945A007F965D /* Example-objc */,
				9CCFFFE11FD594CB007F965D /* Example-swift */,
				9CCF00301FD598B0007F965D /* l18n */,
			);
		};
/* End PBXProject section */

/* Begin PBXResourcesBuildPhase section */
		9CCF002F1FD598B0007F965D /* Resources */ = {
			isa = PBXResourcesBuildPhase;
			buildActionMask = 2147483647;
			files = (
				9CCF00451FD59903007F965D /* ru.po in Resources */,
				9CCF00441FD59903007F965D /* ru.mo in Resources */,
			);
			runOnlyForDeploymentPostprocessing = 0;
		};
		9CCFFFD51FD5945A007F965D /* Resources */ = {
			isa = PBXResourcesBuildPhase;
			buildActionMask = 2147483647;
			files = (
				9CCF00081FD59559007F965D /* Info.plist in Resources */,
				9CCF00071FD59559007F965D /* Main.storyboard in Resources */,
				9CCF00051FD59559007F965D /* Assets.xcassets in Resources */,
				9CCF00061FD59559007F965D /* LaunchScreen.storyboard in Resources */,
			);
			runOnlyForDeploymentPostprocessing = 0;
		};
		9CCFFFE01FD594CB007F965D /* Resources */ = {
			isa = PBXResourcesBuildPhase;
			buildActionMask = 2147483647;
			files = (
				9CCF00181FD5956C007F965D /* Info.plist in Resources */,
				9CCF00171FD5956C007F965D /* Main.storyboard in Resources */,
				9CCF00151FD5956C007F965D /* Assets.xcassets in Resources */,
				9CCF00161FD5956C007F965D /* LaunchScreen.storyboard in Resources */,
			);
			runOnlyForDeploymentPostprocessing = 0;
		};
/* End PBXResourcesBuildPhase section */

/* Begin PBXShellScriptBuildPhase section */
		0A75ACB2263223AAA052F96D /* [CP] Copy Pods Resources */ = {
			isa = PBXShellScriptBuildPhase;
			buildActionMask = 2147483647;
			files = (
			);
			inputPaths = (
			);
			name = "[CP] Copy Pods Resources";
			outputPaths = (
			);
			runOnlyForDeploymentPostprocessing = 0;
			shellPath = /bin/sh;
			shellScript = "\"${SRCROOT}/Pods/Target Support Files/Pods-Example-swift/Pods-Example-swift-resources.sh\"\n";
			showEnvVarsInLog = 0;
		};
		0C8AECFEA6D200E90D6BCB7E /* [CP] Check Pods Manifest.lock */ = {
			isa = PBXShellScriptBuildPhase;
			buildActionMask = 2147483647;
			files = (
			);
			inputPaths = (
				"${PODS_PODFILE_DIR_PATH}/Podfile.lock",
				"${PODS_ROOT}/Manifest.lock",
			);
			name = "[CP] Check Pods Manifest.lock";
			outputPaths = (
				"$(DERIVED_FILE_DIR)/Pods-Example-swift-checkManifestLockResult.txt",
			);
			runOnlyForDeploymentPostprocessing = 0;
			shellPath = /bin/sh;
			shellScript = "diff \"${PODS_PODFILE_DIR_PATH}/Podfile.lock\" \"${PODS_ROOT}/Manifest.lock\" > /dev/null\nif [ $? != 0 ] ; then\n    # print error to STDERR\n    echo \"error: The sandbox is not in sync with the Podfile.lock. Run 'pod install' or update your CocoaPods installation.\" >&2\n    exit 1\nfi\n# This output is used by Xcode 'outputs' to avoid re-running this script phase.\necho \"SUCCESS\" > \"${SCRIPT_OUTPUT_FILE_0}\"\n";
			showEnvVarsInLog = 0;
		};
		4BEDDEC50967EAA02E6CB0D2 /* [CP] Check Pods Manifest.lock */ = {
			isa = PBXShellScriptBuildPhase;
			buildActionMask = 2147483647;
			files = (
			);
			inputPaths = (
				"${PODS_PODFILE_DIR_PATH}/Podfile.lock",
				"${PODS_ROOT}/Manifest.lock",
			);
			name = "[CP] Check Pods Manifest.lock";
			outputPaths = (
				"$(DERIVED_FILE_DIR)/Pods-Example-objc-checkManifestLockResult.txt",
			);
			runOnlyForDeploymentPostprocessing = 0;
			shellPath = /bin/sh;
			shellScript = "diff \"${PODS_PODFILE_DIR_PATH}/Podfile.lock\" \"${PODS_ROOT}/Manifest.lock\" > /dev/null\nif [ $? != 0 ] ; then\n    # print error to STDERR\n    echo \"error: The sandbox is not in sync with the Podfile.lock. Run 'pod install' or update your CocoaPods installation.\" >&2\n    exit 1\nfi\n# This output is used by Xcode 'outputs' to avoid re-running this script phase.\necho \"SUCCESS\" > \"${SCRIPT_OUTPUT_FILE_0}\"\n";
			showEnvVarsInLog = 0;
		};
		7B0D1F2269C01405FE58843D /* [CP] Embed Pods Frameworks */ = {
			isa = PBXShellScriptBuildPhase;
			buildActionMask = 2147483647;
			files = (
			);
			inputPaths = (
				"${SRCROOT}/Pods/Target Support Files/Pods-Example-objc/Pods-Example-objc-frameworks.sh",
				"${BUILT_PRODUCTS_DIR}/POLocalizedString/POLocalizedString.framework",
			);
			name = "[CP] Embed Pods Frameworks";
			outputPaths = (
				"${TARGET_BUILD_DIR}/${FRAMEWORKS_FOLDER_PATH}/POLocalizedString.framework",
			);
			runOnlyForDeploymentPostprocessing = 0;
			shellPath = /bin/sh;
			shellScript = "\"${SRCROOT}/Pods/Target Support Files/Pods-Example-objc/Pods-Example-objc-frameworks.sh\"\n";
			showEnvVarsInLog = 0;
		};
		C1E780629D8AD76E48C9C830 /* [CP] Copy Pods Resources */ = {
			isa = PBXShellScriptBuildPhase;
			buildActionMask = 2147483647;
			files = (
			);
			inputPaths = (
			);
			name = "[CP] Copy Pods Resources";
			outputPaths = (
			);
			runOnlyForDeploymentPostprocessing = 0;
			shellPath = /bin/sh;
			shellScript = "\"${SRCROOT}/Pods/Target Support Files/Pods-Example-objc/Pods-Example-objc-resources.sh\"\n";
			showEnvVarsInLog = 0;
		};
		C7DE0EF3084E2B111FE2E1A1 /* [CP] Embed Pods Frameworks */ = {
			isa = PBXShellScriptBuildPhase;
			buildActionMask = 2147483647;
			files = (
			);
			inputPaths = (
				"${SRCROOT}/Pods/Target Support Files/Pods-Example-swift/Pods-Example-swift-frameworks.sh",
				"${BUILT_PRODUCTS_DIR}/POLocalizedString/POLocalizedString.framework",
			);
			name = "[CP] Embed Pods Frameworks";
			outputPaths = (
				"${TARGET_BUILD_DIR}/${FRAMEWORKS_FOLDER_PATH}/POLocalizedString.framework",
			);
			runOnlyForDeploymentPostprocessing = 0;
			shellPath = /bin/sh;
			shellScript = "\"${SRCROOT}/Pods/Target Support Files/Pods-Example-swift/Pods-Example-swift-frameworks.sh\"\n";
			showEnvVarsInLog = 0;
		};
/* End PBXShellScriptBuildPhase section */

/* Begin PBXSourcesBuildPhase section */
		9CCF002C1FD598B0007F965D /* Sources */ = {
			isa = PBXSourcesBuildPhase;
			buildActionMask = 2147483647;
			files = (
			);
			runOnlyForDeploymentPostprocessing = 0;
		};
		9CCFFFD01FD5945A007F965D /* Sources */ = {
			isa = PBXSourcesBuildPhase;
			buildActionMask = 2147483647;
			files = (
				9CCF000A1FD59559007F965D /* ViewController.m in Sources */,
				9CCF00091FD59559007F965D /* main.m in Sources */,
				9CCF00041FD59559007F965D /* AppDelegate.m in Sources */,
			);
			runOnlyForDeploymentPostprocessing = 0;
		};
		9CCFFFDE1FD594CB007F965D /* Sources */ = {
			isa = PBXSourcesBuildPhase;
			buildActionMask = 2147483647;
			files = (
				9CCF00191FD5956C007F965D /* ViewController.swift in Sources */,
				9CCF00141FD5956C007F965D /* AppDelegate.swift in Sources */,
			);
			runOnlyForDeploymentPostprocessing = 0;
		};
/* End PBXSourcesBuildPhase section */

/* Begin PBXTargetDependency section */
		9CCF00371FD598B0007F965D /* PBXTargetDependency */ = {
			isa = PBXTargetDependency;
			target = 9CCF00301FD598B0007F965D /* l18n */;
			targetProxy = 9CCF00361FD598B0007F965D /* PBXContainerItemProxy */;
		};
		9CCF003F1FD598CD007F965D /* PBXTargetDependency */ = {
			isa = PBXTargetDependency;
			target = 9CCF00301FD598B0007F965D /* l18n */;
			targetProxy = 9CCF003E1FD598CD007F965D /* PBXContainerItemProxy */;
		};
/* End PBXTargetDependency section */

/* Begin PBXVariantGroup section */
		9CCF000E1FD5956C007F965D /* LaunchScreen.storyboard */ = {
			isa = PBXVariantGroup;
			children = (
				9CCF000F1FD5956C007F965D /* Base */,
			);
			name = LaunchScreen.storyboard;
			sourceTree = "<group>";
		};
		9CCF00101FD5956C007F965D /* Main.storyboard */ = {
			isa = PBXVariantGroup;
			children = (
				9CCF00111FD5956C007F965D /* Base */,
			);
			name = Main.storyboard;
			sourceTree = "<group>";
		};
		9CCFFFFC1FD59559007F965D /* LaunchScreen.storyboard */ = {
			isa = PBXVariantGroup;
			children = (
				9CCFFFFD1FD59559007F965D /* Base */,
			);
			name = LaunchScreen.storyboard;
			sourceTree = "<group>";
		};
		9CCFFFFE1FD59559007F965D /* Main.storyboard */ = {
			isa = PBXVariantGroup;
			children = (
				9CCFFFFF1FD59559007F965D /* Base */,
			);
			name = Main.storyboard;
			sourceTree = "<group>";
		};
/* End PBXVariantGroup section */

/* Begin XCBuildConfiguration section */
		9CCF003B1FD598B0007F965D /* Debug */ = {
			isa = XCBuildConfiguration;
			buildSettings = {
				CODE_SIGN_IDENTITY = "";
				CODE_SIGN_STYLE = Automatic;
				CURRENT_PROJECT_VERSION = 1;
				DEFINES_MODULE = YES;
				DEVELOPMENT_TEAM = Q95SQ3447E;
				DYLIB_COMPATIBILITY_VERSION = 1;
				DYLIB_CURRENT_VERSION = 1;
				DYLIB_INSTALL_NAME_BASE = "@rpath";
				INFOPLIST_FILE = l18n/Info.plist;
				INSTALL_PATH = "$(LOCAL_LIBRARY_DIR)/Frameworks";
				LD_RUNPATH_SEARCH_PATHS = "$(inherited) @executable_path/Frameworks @loader_path/Frameworks";
				PRODUCT_BUNDLE_IDENTIFIER = com.hulab.POLocalizedString.example.l18n;
				PRODUCT_NAME = "$(TARGET_NAME:c99extidentifier)";
				SKIP_INSTALL = YES;
				TARGETED_DEVICE_FAMILY = "1,2";
				VERSIONING_SYSTEM = "apple-generic";
				VERSION_INFO_PREFIX = "";
			};
			name = Debug;
		};
		9CCF003C1FD598B0007F965D /* Release */ = {
			isa = XCBuildConfiguration;
			buildSettings = {
				CODE_SIGN_IDENTITY = "";
				CODE_SIGN_STYLE = Automatic;
				CURRENT_PROJECT_VERSION = 1;
				DEFINES_MODULE = YES;
				DEVELOPMENT_TEAM = Q95SQ3447E;
				DYLIB_COMPATIBILITY_VERSION = 1;
				DYLIB_CURRENT_VERSION = 1;
				DYLIB_INSTALL_NAME_BASE = "@rpath";
				INFOPLIST_FILE = l18n/Info.plist;
				INSTALL_PATH = "$(LOCAL_LIBRARY_DIR)/Frameworks";
				LD_RUNPATH_SEARCH_PATHS = "$(inherited) @executable_path/Frameworks @loader_path/Frameworks";
				PRODUCT_BUNDLE_IDENTIFIER = com.hulab.POLocalizedString.example.l18n;
				PRODUCT_NAME = "$(TARGET_NAME:c99extidentifier)";
				SKIP_INSTALL = YES;
				TARGETED_DEVICE_FAMILY = "1,2";
				VERSIONING_SYSTEM = "apple-generic";
				VERSION_INFO_PREFIX = "";
			};
			name = Release;
		};
		9CCFFFCA1FD5944B007F965D /* Debug */ = {
			isa = XCBuildConfiguration;
			buildSettings = {
				ALWAYS_SEARCH_USER_PATHS = NO;
				CLANG_ANALYZER_NONNULL = YES;
				CLANG_ANALYZER_NUMBER_OBJECT_CONVERSION = YES_AGGRESSIVE;
				CLANG_CXX_LANGUAGE_STANDARD = "gnu++14";
				CLANG_CXX_LIBRARY = "libc++";
				CLANG_ENABLE_MODULES = YES;
				CLANG_ENABLE_OBJC_ARC = YES;
				CLANG_WARN_BLOCK_CAPTURE_AUTORELEASING = YES;
				CLANG_WARN_BOOL_CONVERSION = YES;
				CLANG_WARN_COMMA = YES;
				CLANG_WARN_CONSTANT_CONVERSION = YES;
				CLANG_WARN_DIRECT_OBJC_ISA_USAGE = YES_ERROR;
				CLANG_WARN_DOCUMENTATION_COMMENTS = YES;
				CLANG_WARN_EMPTY_BODY = YES;
				CLANG_WARN_ENUM_CONVERSION = YES;
				CLANG_WARN_INFINITE_RECURSION = YES;
				CLANG_WARN_INT_CONVERSION = YES;
				CLANG_WARN_NON_LITERAL_NULL_CONVERSION = YES;
				CLANG_WARN_OBJC_LITERAL_CONVERSION = YES;
				CLANG_WARN_OBJC_ROOT_CLASS = YES_ERROR;
				CLANG_WARN_RANGE_LOOP_ANALYSIS = YES;
				CLANG_WARN_STRICT_PROTOTYPES = YES;
				CLANG_WARN_SUSPICIOUS_MOVE = YES;
				CLANG_WARN_UNGUARDED_AVAILABILITY = YES_AGGRESSIVE;
				CLANG_WARN_UNREACHABLE_CODE = YES;
				CLANG_WARN__DUPLICATE_METHOD_MATCH = YES;
				CODE_SIGN_IDENTITY = "iPhone Developer";
				COPY_PHASE_STRIP = NO;
				DEBUG_INFORMATION_FORMAT = dwarf;
				ENABLE_STRICT_OBJC_MSGSEND = YES;
				ENABLE_TESTABILITY = YES;
				GCC_C_LANGUAGE_STANDARD = gnu11;
				GCC_DYNAMIC_NO_PIC = NO;
				GCC_NO_COMMON_BLOCKS = YES;
				GCC_OPTIMIZATION_LEVEL = 0;
				GCC_PREPROCESSOR_DEFINITIONS = (
					"DEBUG=1",
					"$(inherited)",
				);
				GCC_WARN_64_TO_32_BIT_CONVERSION = YES;
				GCC_WARN_ABOUT_RETURN_TYPE = YES_ERROR;
				GCC_WARN_UNDECLARED_SELECTOR = YES;
				GCC_WARN_UNINITIALIZED_AUTOS = YES_AGGRESSIVE;
				GCC_WARN_UNUSED_FUNCTION = YES;
				GCC_WARN_UNUSED_VARIABLE = YES;
				IPHONEOS_DEPLOYMENT_TARGET = 11.1;
				MTL_ENABLE_DEBUG_INFO = YES;
				ONLY_ACTIVE_ARCH = YES;
				SDKROOT = iphoneos;
			};
			name = Debug;
		};
		9CCFFFCB1FD5944B007F965D /* Release */ = {
			isa = XCBuildConfiguration;
			buildSettings = {
				ALWAYS_SEARCH_USER_PATHS = NO;
				CLANG_ANALYZER_NONNULL = YES;
				CLANG_ANALYZER_NUMBER_OBJECT_CONVERSION = YES_AGGRESSIVE;
				CLANG_CXX_LANGUAGE_STANDARD = "gnu++14";
				CLANG_CXX_LIBRARY = "libc++";
				CLANG_ENABLE_MODULES = YES;
				CLANG_ENABLE_OBJC_ARC = YES;
				CLANG_WARN_BLOCK_CAPTURE_AUTORELEASING = YES;
				CLANG_WARN_BOOL_CONVERSION = YES;
				CLANG_WARN_COMMA = YES;
				CLANG_WARN_CONSTANT_CONVERSION = YES;
				CLANG_WARN_DIRECT_OBJC_ISA_USAGE = YES_ERROR;
				CLANG_WARN_DOCUMENTATION_COMMENTS = YES;
				CLANG_WARN_EMPTY_BODY = YES;
				CLANG_WARN_ENUM_CONVERSION = YES;
				CLANG_WARN_INFINITE_RECURSION = YES;
				CLANG_WARN_INT_CONVERSION = YES;
				CLANG_WARN_NON_LITERAL_NULL_CONVERSION = YES;
				CLANG_WARN_OBJC_LITERAL_CONVERSION = YES;
				CLANG_WARN_OBJC_ROOT_CLASS = YES_ERROR;
				CLANG_WARN_RANGE_LOOP_ANALYSIS = YES;
				CLANG_WARN_STRICT_PROTOTYPES = YES;
				CLANG_WARN_SUSPICIOUS_MOVE = YES;
				CLANG_WARN_UNGUARDED_AVAILABILITY = YES_AGGRESSIVE;
				CLANG_WARN_UNREACHABLE_CODE = YES;
				CLANG_WARN__DUPLICATE_METHOD_MATCH = YES;
				CODE_SIGN_IDENTITY = "iPhone Developer";
				COPY_PHASE_STRIP = NO;
				DEBUG_INFORMATION_FORMAT = "dwarf-with-dsym";
				ENABLE_NS_ASSERTIONS = NO;
				ENABLE_STRICT_OBJC_MSGSEND = YES;
				GCC_C_LANGUAGE_STANDARD = gnu11;
				GCC_NO_COMMON_BLOCKS = YES;
				GCC_WARN_64_TO_32_BIT_CONVERSION = YES;
				GCC_WARN_ABOUT_RETURN_TYPE = YES_ERROR;
				GCC_WARN_UNDECLARED_SELECTOR = YES;
				GCC_WARN_UNINITIALIZED_AUTOS = YES_AGGRESSIVE;
				GCC_WARN_UNUSED_FUNCTION = YES;
				GCC_WARN_UNUSED_VARIABLE = YES;
				IPHONEOS_DEPLOYMENT_TARGET = 11.1;
				MTL_ENABLE_DEBUG_INFO = NO;
				SDKROOT = iphoneos;
				VALIDATE_PRODUCT = YES;
			};
			name = Release;
		};
		9CCFFFDA1FD5945A007F965D /* Debug */ = {
			isa = XCBuildConfiguration;
			baseConfigurationReference = C579A6E7ABCD684946F29E34 /* Pods-Example-objc.debug.xcconfig */;
			buildSettings = {
				ASSETCATALOG_COMPILER_APPICON_NAME = AppIcon;
				CODE_SIGN_STYLE = Automatic;
				DEVELOPMENT_TEAM = Q95SQ3447E;
				INFOPLIST_FILE = "$(SRCROOT)/Examples-objc/Info.plist";
				LD_RUNPATH_SEARCH_PATHS = "$(inherited) @executable_path/Frameworks";
				PRODUCT_BUNDLE_IDENTIFIER = com.hulab.POLocalizedString.example.objc;
				PRODUCT_NAME = "POLocalizedString ObjC";
				TARGETED_DEVICE_FAMILY = "1,2";
			};
			name = Debug;
		};
		9CCFFFDB1FD5945A007F965D /* Release */ = {
			isa = XCBuildConfiguration;
			baseConfigurationReference = A848DD7A01B2F7A7FC0E0EAC /* Pods-Example-objc.release.xcconfig */;
			buildSettings = {
				ASSETCATALOG_COMPILER_APPICON_NAME = AppIcon;
				CODE_SIGN_STYLE = Automatic;
				DEVELOPMENT_TEAM = Q95SQ3447E;
				INFOPLIST_FILE = "$(SRCROOT)/Examples-objc/Info.plist";
				LD_RUNPATH_SEARCH_PATHS = "$(inherited) @executable_path/Frameworks";
				PRODUCT_BUNDLE_IDENTIFIER = com.hulab.POLocalizedString.example.objc;
				PRODUCT_NAME = "POLocalizedString ObjC";
				TARGETED_DEVICE_FAMILY = "1,2";
			};
			name = Release;
		};
		9CCFFFF61FD594CB007F965D /* Debug */ = {
			isa = XCBuildConfiguration;
			baseConfigurationReference = 97EC68F1F019E98FCF0D51E6 /* Pods-Example-swift.debug.xcconfig */;
			buildSettings = {
				ASSETCATALOG_COMPILER_APPICON_NAME = AppIcon;
				CODE_SIGN_STYLE = Automatic;
				DEVELOPMENT_TEAM = Q95SQ3447E;
				INFOPLIST_FILE = "Example-swift/Info.plist";
				LD_RUNPATH_SEARCH_PATHS = "$(inherited) @executable_path/Frameworks";
				PRODUCT_BUNDLE_IDENTIFIER = com.hulab.POLocalizedString.example.swift;
				PRODUCT_NAME = "POLocalizedString Swift";
				SWIFT_VERSION = 4.0;
				TARGETED_DEVICE_FAMILY = "1,2";
			};
			name = Debug;
		};
		9CCFFFF71FD594CB007F965D /* Release */ = {
			isa = XCBuildConfiguration;
			baseConfigurationReference = 1D4BA55CAF9DA05703787D64 /* Pods-Example-swift.release.xcconfig */;
			buildSettings = {
				ASSETCATALOG_COMPILER_APPICON_NAME = AppIcon;
				CODE_SIGN_STYLE = Automatic;
				DEVELOPMENT_TEAM = Q95SQ3447E;
				INFOPLIST_FILE = "Example-swift/Info.plist";
				LD_RUNPATH_SEARCH_PATHS = "$(inherited) @executable_path/Frameworks";
				PRODUCT_BUNDLE_IDENTIFIER = com.hulab.POLocalizedString.example.swift;
				PRODUCT_NAME = "POLocalizedString Swift";
				SWIFT_VERSION = 4.0;
				TARGETED_DEVICE_FAMILY = "1,2";
			};
			name = Release;
		};
/* End XCBuildConfiguration section */

/* Begin XCConfigurationList section */
		9CCF003A1FD598B0007F965D /* Build configuration list for PBXNativeTarget "l18n" */ = {
			isa = XCConfigurationList;
			buildConfigurations = (
				9CCF003B1FD598B0007F965D /* Debug */,
				9CCF003C1FD598B0007F965D /* Release */,
			);
			defaultConfigurationIsVisible = 0;
			defaultConfigurationName = Release;
		};
		9CCFFFB11FD5944B007F965D /* Build configuration list for PBXProject "Examples" */ = {
			isa = XCConfigurationList;
			buildConfigurations = (
				9CCFFFCA1FD5944B007F965D /* Debug */,
				9CCFFFCB1FD5944B007F965D /* Release */,
			);
			defaultConfigurationIsVisible = 0;
			defaultConfigurationName = Release;
		};
		9CCFFFD91FD5945A007F965D /* Build configuration list for PBXNativeTarget "Example-objc" */ = {
			isa = XCConfigurationList;
			buildConfigurations = (
				9CCFFFDA1FD5945A007F965D /* Debug */,
				9CCFFFDB1FD5945A007F965D /* Release */,
			);
			defaultConfigurationIsVisible = 0;
			defaultConfigurationName = Release;
		};
		9CCFFFF51FD594CB007F965D /* Build configuration list for PBXNativeTarget "Example-swift" */ = {
			isa = XCConfigurationList;
			buildConfigurations = (
				9CCFFFF61FD594CB007F965D /* Debug */,
				9CCFFFF71FD594CB007F965D /* Release */,
			);
			defaultConfigurationIsVisible = 0;
			defaultConfigurationName = Release;
		};
/* End XCConfigurationList section */
	};
	rootObject = 9CCFFFAE1FD5944B007F965D /* Project object */;
}
